
Microsoft Visual Studio Solution File, Format Version 12.00
# Visual Studio 2012
Project("{FAE04EC0-301F-11D3-BF4B-00C04F79EFBC}") = "CogitoSharp", "CogitoSharp\CogitoSharp.csproj", "{48A85A5C-2D58-41AE-AFD8-D90B58B73E1C}"
EndProject
Project("{FAE04EC0-301F-11D3-BF4B-00C04F79EFBC}") = "CogitoSharpTest", "CogitoSharpTest\CogitoSharpTest.csproj", "{095DF773-0E5D-419A-A2E0-1F87A9081098}"
EndProject
Global
	GlobalSection(SolutionConfigurationPlatforms) = preSolution
		Debug|Any CPU = Debug|Any CPU
		NoConnect|Any CPU = NoConnect|Any CPU
		Release|Any CPU = Release|Any CPU
	EndGlobalSection
	GlobalSection(ProjectConfigurationPlatforms) = postSolution
		{48A85A5C-2D58-41AE-AFD8-D90B58B73E1C}.Debug|Any CPU.ActiveCfg = Debug|Any CPU
		{48A85A5C-2D58-41AE-AFD8-D90B58B73E1C}.Debug|Any CPU.Build.0 = Debug|Any CPU
		{48A85A5C-2D58-41AE-AFD8-D90B58B73E1C}.NoConnect|Any CPU.ActiveCfg = NoConnect|Any CPU
		{48A85A5C-2D58-41AE-AFD8-D90B58B73E1C}.NoConnect|Any CPU.Build.0 = NoConnect|Any CPU
		{48A85A5C-2D58-41AE-AFD8-D90B58B73E1C}.Release|Any CPU.ActiveCfg = Release|Any CPU
		{48A85A5C-2D58-41AE-AFD8-D90B58B73E1C}.Release|Any CPU.Build.0 = Release|Any CPU
		{095DF773-0E5D-419A-A2E0-1F87A9081098}.Debug|Any CPU.ActiveCfg = Debug|Any CPU
		{095DF773-0E5D-419A-A2E0-1F87A9081098}.Debug|Any CPU.Build.0 = Debug|Any CPU
		{095DF773-0E5D-419A-A2E0-1F87A9081098}.NoConnect|Any CPU.ActiveCfg = Release|Any CPU
		{095DF773-0E5D-419A-A2E0-1F87A9081098}.NoConnect|Any CPU.Build.0 = Release|Any CPU
		{095DF773-0E5D-419A-A2E0-1F87A9081098}.Release|Any CPU.ActiveCfg = Release|Any CPU
		{095DF773-0E5D-419A-A2E0-1F87A9081098}.Release|Any CPU.Build.0 = Release|Any CPU
	EndGlobalSection
	GlobalSection(SolutionProperties) = preSolution
		HideSolutionNode = FALSE
	EndGlobalSection
EndGlobal
